
Microsoft Visual Studio Solution File, Format Version 12.00
# Visual Studio Version 16
VisualStudioVersion = 16.0.31911.196
MinimumVisualStudioVersion = 10.0.40219.1
Project("{9A19103F-16F7-4668-BE54-9A1E7A4F7556}") = "ComputerGraphicsLabs", "ComputerGraphicsLabs\ComputerGraphicsLabs.csproj", "{068EF378-0EFD-484D-86EB-21D3120FD209}"
EndProject
Project("{9A19103F-16F7-4668-BE54-9A1E7A4F7556}") = "ComputerGraphicsLabs.Services", "ComputerGraphicsLabs.Services\ComputerGraphicsLabs.Services.csproj", "{87756CEF-7BDF-46FE-AD02-CD2227B73A15}"
EndProject
Project("{9A19103F-16F7-4668-BE54-9A1E7A4F7556}") = "ComputerGraphicsLabs.Models", "ComputerGraphicsLabs.Models\ComputerGraphicsLabs.Models.csproj", "{46F53C45-3837-425C-AD6B-C1980B58C395}"
EndProject
Global
	GlobalSection(SolutionConfigurationPlatforms) = preSolution
		Debug|Any CPU = Debug|Any CPU
		Release|Any CPU = Release|Any CPU
	EndGlobalSection
	GlobalSection(ProjectConfigurationPlatforms) = postSolution
		{068EF378-0EFD-484D-86EB-21D3120FD209}.Debug|Any CPU.ActiveCfg = Debug|Any CPU
		{068EF378-0EFD-484D-86EB-21D3120FD209}.Debug|Any CPU.Build.0 = Debug|Any CPU
		{068EF378-0EFD-484D-86EB-21D3120FD209}.Release|Any CPU.ActiveCfg = Release|Any CPU
		{068EF378-0EFD-484D-86EB-21D3120FD209}.Release|Any CPU.Build.0 = Release|Any CPU
		{87756CEF-7BDF-46FE-AD02-CD2227B73A15}.Debug|Any CPU.ActiveCfg = Debug|Any CPU
		{87756CEF-7BDF-46FE-AD02-CD2227B73A15}.Debug|Any CPU.Build.0 = Debug|Any CPU
		{87756CEF-7BDF-46FE-AD02-CD2227B73A15}.Release|Any CPU.ActiveCfg = Release|Any CPU
		{87756CEF-7BDF-46FE-AD02-CD2227B73A15}.Release|Any CPU.Build.0 = Release|Any CPU
		{46F53C45-3837-425C-AD6B-C1980B58C395}.Debug|Any CPU.ActiveCfg = Debug|Any CPU
		{46F53C45-3837-425C-AD6B-C1980B58C395}.Debug|Any CPU.Build.0 = Debug|Any CPU
		{46F53C45-3837-425C-AD6B-C1980B58C395}.Release|Any CPU.ActiveCfg = Release|Any CPU
		{46F53C45-3837-425C-AD6B-C1980B58C395}.Release|Any CPU.Build.0 = Release|Any CPU
	EndGlobalSection
	GlobalSection(SolutionProperties) = preSolution
		HideSolutionNode = FALSE
	EndGlobalSection
	GlobalSection(ExtensibilityGlobals) = postSolution
		SolutionGuid = {01935BDD-4234-4C49-B6B0-24720C913816}
	EndGlobalSection
EndGlobal
